
Microsoft Visual Studio Solution File, Format Version 12.00
# Visual Studio Version 16
VisualStudioVersion = 25.0.1705.0
MinimumVisualStudioVersion = 10.0.40219.1
Project("{FAE04EC0-301F-11D3-BF4B-00C04F79EFBC}") = "Haakostr.Lettsok.Advertisements", "Haakostr.Lettsok.Advertisements\Haakostr.Lettsok.Advertisements.csproj", "{81419DAB-B925-437A-88C0-138D8093E342}"
EndProject
Project("{FAE04EC0-301F-11D3-BF4B-00C04F79EFBC}") = "JobListingsDatabaseService", "JobListingsDatabaseService\JobListingsDatabaseService.csproj", "{EF330A52-4582-4559-B423-95E22AD6DD61}"
EndProject
Project("{FAE04EC0-301F-11D3-BF4B-00C04F79EFBC}") = "JobListingsDatabaseService.Data", "JobListingsDatabaseService.Data\JobListingsDatabaseService.Data.csproj", "{C0FFA330-6DAE-43CC-A03D-AB0F2DB5471B}"
EndProject
Project("{FAE04EC0-301F-11D3-BF4B-00C04F79EFBC}") = "UserPreferences", "UserPreferences\UserPreferences.csproj", "{96B1FE8C-1D18-483F-8C4B-EEC1208AF6BB}"
EndProject
Project("{FAE04EC0-301F-11D3-BF4B-00C04F79EFBC}") = "UserPreferencesDatabaseService", "UserPreferencesDatabaseService\UserPreferencesDatabaseService.csproj", "{9A946AA6-DDF1-4FD2-9216-FA4BB27719E9}"
EndProject
Project("{FAE04EC0-301F-11D3-BF4B-00C04F79EFBC}") = "UserPreferencesDatabaseService.Data", "UserPreferencesDatabaseService.Data\UserPreferencesDatabaseService.Data.csproj", "{480FF919-2DC7-4160-8E8E-72493F6A0C07}"
EndProject
Global
	GlobalSection(SolutionConfigurationPlatforms) = preSolution
		Debug|Any CPU = Debug|Any CPU
		Release|Any CPU = Release|Any CPU
	EndGlobalSection
	GlobalSection(ProjectConfigurationPlatforms) = postSolution
		{81419DAB-B925-437A-88C0-138D8093E342}.Debug|Any CPU.ActiveCfg = Debug|Any CPU
		{81419DAB-B925-437A-88C0-138D8093E342}.Debug|Any CPU.Build.0 = Debug|Any CPU
		{81419DAB-B925-437A-88C0-138D8093E342}.Release|Any CPU.ActiveCfg = Release|Any CPU
		{81419DAB-B925-437A-88C0-138D8093E342}.Release|Any CPU.Build.0 = Release|Any CPU
		{EF330A52-4582-4559-B423-95E22AD6DD61}.Debug|Any CPU.ActiveCfg = Debug|Any CPU
		{EF330A52-4582-4559-B423-95E22AD6DD61}.Debug|Any CPU.Build.0 = Debug|Any CPU
		{EF330A52-4582-4559-B423-95E22AD6DD61}.Release|Any CPU.ActiveCfg = Release|Any CPU
		{EF330A52-4582-4559-B423-95E22AD6DD61}.Release|Any CPU.Build.0 = Release|Any CPU
		{C0FFA330-6DAE-43CC-A03D-AB0F2DB5471B}.Debug|Any CPU.ActiveCfg = Debug|Any CPU
		{C0FFA330-6DAE-43CC-A03D-AB0F2DB5471B}.Debug|Any CPU.Build.0 = Debug|Any CPU
		{C0FFA330-6DAE-43CC-A03D-AB0F2DB5471B}.Release|Any CPU.ActiveCfg = Release|Any CPU
		{C0FFA330-6DAE-43CC-A03D-AB0F2DB5471B}.Release|Any CPU.Build.0 = Release|Any CPU
		{96B1FE8C-1D18-483F-8C4B-EEC1208AF6BB}.Debug|Any CPU.ActiveCfg = Debug|Any CPU
		{96B1FE8C-1D18-483F-8C4B-EEC1208AF6BB}.Debug|Any CPU.Build.0 = Debug|Any CPU
		{96B1FE8C-1D18-483F-8C4B-EEC1208AF6BB}.Release|Any CPU.ActiveCfg = Release|Any CPU
		{96B1FE8C-1D18-483F-8C4B-EEC1208AF6BB}.Release|Any CPU.Build.0 = Release|Any CPU
		{9A946AA6-DDF1-4FD2-9216-FA4BB27719E9}.Debug|Any CPU.ActiveCfg = Debug|Any CPU
		{9A946AA6-DDF1-4FD2-9216-FA4BB27719E9}.Debug|Any CPU.Build.0 = Debug|Any CPU
		{9A946AA6-DDF1-4FD2-9216-FA4BB27719E9}.Release|Any CPU.ActiveCfg = Release|Any CPU
		{9A946AA6-DDF1-4FD2-9216-FA4BB27719E9}.Release|Any CPU.Build.0 = Release|Any CPU
		{480FF919-2DC7-4160-8E8E-72493F6A0C07}.Debug|Any CPU.ActiveCfg = Debug|Any CPU
		{480FF919-2DC7-4160-8E8E-72493F6A0C07}.Debug|Any CPU.Build.0 = Debug|Any CPU
		{480FF919-2DC7-4160-8E8E-72493F6A0C07}.Release|Any CPU.ActiveCfg = Release|Any CPU
		{480FF919-2DC7-4160-8E8E-72493F6A0C07}.Release|Any CPU.Build.0 = Release|Any CPU
	EndGlobalSection
	GlobalSection(SolutionProperties) = preSolution
		HideSolutionNode = FALSE
	EndGlobalSection
	GlobalSection(ExtensibilityGlobals) = postSolution
		SolutionGuid = {727162F4-171B-4130-B7BA-F2A425F46053}
	EndGlobalSection
EndGlobal
